
Microsoft Visual Studio Solution File, Format Version 12.00
# Visual Studio Version 17
VisualStudioVersion = 17.0.31903.59
MinimumVisualStudioVersion = 10.0.40219.1
Project("{2150E333-8FDC-42A3-9474-1A3956D46DE8}") = "src", "src", "{827E0CD3-B72D-47B6-A68D-7590B98EB39B}"
EndProject
Project("{2150E333-8FDC-42A3-9474-1A3956D46DE8}") = "01.Core", "01.Core", "{9F3B26D3-790A-A0CF-893B-1132805B36B5}"
EndProject
Project("{FAE04EC0-301F-11D3-BF4B-00C04F79EFBC}") = "Farutech.Orchestrator.API", "src\01.Core\Farutech.Orchestrator.API\Farutech.Orchestrator.API.csproj", "{646C80E7-1E11-4ACC-BD32-FDF60DD4CE2C}"
EndProject
Project("{FAE04EC0-301F-11D3-BF4B-00C04F79EFBC}") = "Farutech.Orchestrator.Application", "src\01.Core\Farutech.Orchestrator.Application\Farutech.Orchestrator.Application.csproj", "{752D4139-B92A-4A28-955F-C2FCE6D584B0}"
EndProject
Project("{FAE04EC0-301F-11D3-BF4B-00C04F79EFBC}") = "Farutech.Orchestrator.Domain", "src\01.Core\Farutech.Orchestrator.Domain\Farutech.Orchestrator.Domain.csproj", "{FE709F08-A4D2-4597-83BC-FDE19C5A056E}"
EndProject
Project("{FAE04EC0-301F-11D3-BF4B-00C04F79EFBC}") = "Farutech.Orchestrator.Infrastructure", "src\01.Core\Farutech.Orchestrator.Infrastructure\Farutech.Orchestrator.Infrastructure.csproj", "{3C92AAB6-0D61-4666-B760-0B85D18931D5}"
EndProject
Project("{2150E333-8FDC-42A3-9474-1A3956D46DE8}") = "03.Platform", "03.Platform", "{90FBDFFA-917E-CF85-20E8-E33FCD284352}"
EndProject
Project("{FAE04EC0-301F-11D3-BF4B-00C04F79EFBC}") = "Farutech.AppHost", "src\03.Platform\Farutech.AppHost\Farutech.AppHost.csproj", "{7D3995ED-2E89-4339-A55F-71E72F489118}"
EndProject
Project("{FAE04EC0-301F-11D3-BF4B-00C04F79EFBC}") = "Farutech.ServiceDefaults", "src\03.Platform\Farutech.ServiceDefaults\Farutech.ServiceDefaults.csproj", "{22A4522E-AC5A-4B7A-9C21-5CE5032C79EC}"
EndProject
Project("{2150E333-8FDC-42A3-9474-1A3956D46DE8}") = "05.SDK", "05.SDK", "{F0A2E46F-8379-2FCC-8513-F939E1148374}"
EndProject
Project("{FAE04EC0-301F-11D3-BF4B-00C04F79EFBC}") = "Farutech.Orchestrator.SDK", "src\05.SDK\Farutech.Orchestrator.SDK\Farutech.Orchestrator.SDK.csproj", "{96080C3A-2D85-4DED-80DD-2AAB6B8548C3}"
EndProject
Global
	GlobalSection(SolutionConfigurationPlatforms) = preSolution
		Debug|Any CPU = Debug|Any CPU
		Debug|x64 = Debug|x64
		Debug|x86 = Debug|x86
		Release|Any CPU = Release|Any CPU
		Release|x64 = Release|x64
		Release|x86 = Release|x86
	EndGlobalSection
	GlobalSection(ProjectConfigurationPlatforms) = postSolution
		{646C80E7-1E11-4ACC-BD32-FDF60DD4CE2C}.Debug|Any CPU.ActiveCfg = Debug|Any CPU
		{646C80E7-1E11-4ACC-BD32-FDF60DD4CE2C}.Debug|Any CPU.Build.0 = Debug|Any CPU
		{646C80E7-1E11-4ACC-BD32-FDF60DD4CE2C}.Debug|x64.ActiveCfg = Debug|Any CPU
		{646C80E7-1E11-4ACC-BD32-FDF60DD4CE2C}.Debug|x64.Build.0 = Debug|Any CPU
		{646C80E7-1E11-4ACC-BD32-FDF60DD4CE2C}.Debug|x86.ActiveCfg = Debug|Any CPU
		{646C80E7-1E11-4ACC-BD32-FDF60DD4CE2C}.Debug|x86.Build.0 = Debug|Any CPU
		{646C80E7-1E11-4ACC-BD32-FDF60DD4CE2C}.Release|Any CPU.ActiveCfg = Release|Any CPU
		{646C80E7-1E11-4ACC-BD32-FDF60DD4CE2C}.Release|Any CPU.Build.0 = Release|Any CPU
		{646C80E7-1E11-4ACC-BD32-FDF60DD4CE2C}.Release|x64.ActiveCfg = Release|Any CPU
		{646C80E7-1E11-4ACC-BD32-FDF60DD4CE2C}.Release|x64.Build.0 = Release|Any CPU
		{646C80E7-1E11-4ACC-BD32-FDF60DD4CE2C}.Release|x86.ActiveCfg = Release|Any CPU
		{646C80E7-1E11-4ACC-BD32-FDF60DD4CE2C}.Release|x86.Build.0 = Release|Any CPU
		{752D4139-B92A-4A28-955F-C2FCE6D584B0}.Debug|Any CPU.ActiveCfg = Debug|Any CPU
		{752D4139-B92A-4A28-955F-C2FCE6D584B0}.Debug|Any CPU.Build.0 = Debug|Any CPU
		{752D4139-B92A-4A28-955F-C2FCE6D584B0}.Debug|x64.ActiveCfg = Debug|Any CPU
		{752D4139-B92A-4A28-955F-C2FCE6D584B0}.Debug|x64.Build.0 = Debug|Any CPU
		{752D4139-B92A-4A28-955F-C2FCE6D584B0}.Debug|x86.ActiveCfg = Debug|Any CPU
		{752D4139-B92A-4A28-955F-C2FCE6D584B0}.Debug|x86.Build.0 = Debug|Any CPU
		{752D4139-B92A-4A28-955F-C2FCE6D584B0}.Release|Any CPU.ActiveCfg = Release|Any CPU
		{752D4139-B92A-4A28-955F-C2FCE6D584B0}.Release|Any CPU.Build.0 = Release|Any CPU
		{752D4139-B92A-4A28-955F-C2FCE6D584B0}.Release|x64.ActiveCfg = Release|Any CPU
		{752D4139-B92A-4A28-955F-C2FCE6D584B0}.Release|x64.Build.0 = Release|Any CPU
		{752D4139-B92A-4A28-955F-C2FCE6D584B0}.Release|x86.ActiveCfg = Release|Any CPU
		{752D4139-B92A-4A28-955F-C2FCE6D584B0}.Release|x86.Build.0 = Release|Any CPU
		{FE709F08-A4D2-4597-83BC-FDE19C5A056E}.Debug|Any CPU.ActiveCfg = Debug|Any CPU
		{FE709F08-A4D2-4597-83BC-FDE19C5A056E}.Debug|Any CPU.Build.0 = Debug|Any CPU
		{FE709F08-A4D2-4597-83BC-FDE19C5A056E}.Debug|x64.ActiveCfg = Debug|Any CPU
		{FE709F08-A4D2-4597-83BC-FDE19C5A056E}.Debug|x64.Build.0 = Debug|Any CPU
		{FE709F08-A4D2-4597-83BC-FDE19C5A056E}.Debug|x86.ActiveCfg = Debug|Any CPU
		{FE709F08-A4D2-4597-83BC-FDE19C5A056E}.Debug|x86.Build.0 = Debug|Any CPU
		{FE709F08-A4D2-4597-83BC-FDE19C5A056E}.Release|Any CPU.ActiveCfg = Release|Any CPU
		{FE709F08-A4D2-4597-83BC-FDE19C5A056E}.Release|Any CPU.Build.0 = Release|Any CPU
		{FE709F08-A4D2-4597-83BC-FDE19C5A056E}.Release|x64.ActiveCfg = Release|Any CPU
		{FE709F08-A4D2-4597-83BC-FDE19C5A056E}.Release|x64.Build.0 = Release|Any CPU
		{FE709F08-A4D2-4597-83BC-FDE19C5A056E}.Release|x86.ActiveCfg = Release|Any CPU
		{FE709F08-A4D2-4597-83BC-FDE19C5A056E}.Release|x86.Build.0 = Release|Any CPU
		{3C92AAB6-0D61-4666-B760-0B85D18931D5}.Debug|Any CPU.ActiveCfg = Debug|Any CPU
		{3C92AAB6-0D61-4666-B760-0B85D18931D5}.Debug|Any CPU.Build.0 = Debug|Any CPU
		{3C92AAB6-0D61-4666-B760-0B85D18931D5}.Debug|x64.ActiveCfg = Debug|Any CPU
		{3C92AAB6-0D61-4666-B760-0B85D18931D5}.Debug|x64.Build.0 = Debug|Any CPU
		{3C92AAB6-0D61-4666-B760-0B85D18931D5}.Debug|x86.ActiveCfg = Debug|Any CPU
		{3C92AAB6-0D61-4666-B760-0B85D18931D5}.Debug|x86.Build.0 = Debug|Any CPU
		{3C92AAB6-0D61-4666-B760-0B85D18931D5}.Release|Any CPU.ActiveCfg = Release|Any CPU
		{3C92AAB6-0D61-4666-B760-0B85D18931D5}.Release|Any CPU.Build.0 = Release|Any CPU
		{3C92AAB6-0D61-4666-B760-0B85D18931D5}.Release|x64.ActiveCfg = Release|Any CPU
		{3C92AAB6-0D61-4666-B760-0B85D18931D5}.Release|x64.Build.0 = Release|Any CPU
		{3C92AAB6-0D61-4666-B760-0B85D18931D5}.Release|x86.ActiveCfg = Release|Any CPU
		{3C92AAB6-0D61-4666-B760-0B85D18931D5}.Release|x86.Build.0 = Release|Any CPU
		{7D3995ED-2E89-4339-A55F-71E72F489118}.Debug|Any CPU.ActiveCfg = Debug|Any CPU
		{7D3995ED-2E89-4339-A55F-71E72F489118}.Debug|Any CPU.Build.0 = Debug|Any CPU
		{7D3995ED-2E89-4339-A55F-71E72F489118}.Debug|x64.ActiveCfg = Debug|Any CPU
		{7D3995ED-2E89-4339-A55F-71E72F489118}.Debug|x64.Build.0 = Debug|Any CPU
		{7D3995ED-2E89-4339-A55F-71E72F489118}.Debug|x86.ActiveCfg = Debug|Any CPU
		{7D3995ED-2E89-4339-A55F-71E72F489118}.Debug|x86.Build.0 = Debug|Any CPU
		{7D3995ED-2E89-4339-A55F-71E72F489118}.Release|Any CPU.ActiveCfg = Release|Any CPU
		{7D3995ED-2E89-4339-A55F-71E72F489118}.Release|Any CPU.Build.0 = Release|Any CPU
		{7D3995ED-2E89-4339-A55F-71E72F489118}.Release|x64.ActiveCfg = Release|Any CPU
		{7D3995ED-2E89-4339-A55F-71E72F489118}.Release|x64.Build.0 = Release|Any CPU
		{7D3995ED-2E89-4339-A55F-71E72F489118}.Release|x86.ActiveCfg = Release|Any CPU
		{7D3995ED-2E89-4339-A55F-71E72F489118}.Release|x86.Build.0 = Release|Any CPU
		{22A4522E-AC5A-4B7A-9C21-5CE5032C79EC}.Debug|Any CPU.ActiveCfg = Debug|Any CPU
		{22A4522E-AC5A-4B7A-9C21-5CE5032C79EC}.Debug|Any CPU.Build.0 = Debug|Any CPU
		{22A4522E-AC5A-4B7A-9C21-5CE5032C79EC}.Debug|x64.ActiveCfg = Debug|Any CPU
		{22A4522E-AC5A-4B7A-9C21-5CE5032C79EC}.Debug|x64.Build.0 = Debug|Any CPU
		{22A4522E-AC5A-4B7A-9C21-5CE5032C79EC}.Debug|x86.ActiveCfg = Debug|Any CPU
		{22A4522E-AC5A-4B7A-9C21-5CE5032C79EC}.Debug|x86.Build.0 = Debug|Any CPU
		{22A4522E-AC5A-4B7A-9C21-5CE5032C79EC}.Release|Any CPU.ActiveCfg = Release|Any CPU
		{22A4522E-AC5A-4B7A-9C21-5CE5032C79EC}.Release|Any CPU.Build.0 = Release|Any CPU
		{22A4522E-AC5A-4B7A-9C21-5CE5032C79EC}.Release|x64.ActiveCfg = Release|Any CPU
		{22A4522E-AC5A-4B7A-9C21-5CE5032C79EC}.Release|x64.Build.0 = Release|Any CPU
		{22A4522E-AC5A-4B7A-9C21-5CE5032C79EC}.Release|x86.ActiveCfg = Release|Any CPU
		{22A4522E-AC5A-4B7A-9C21-5CE5032C79EC}.Release|x86.Build.0 = Release|Any CPU
		{96080C3A-2D85-4DED-80DD-2AAB6B8548C3}.Debug|Any CPU.ActiveCfg = Debug|Any CPU
		{96080C3A-2D85-4DED-80DD-2AAB6B8548C3}.Debug|Any CPU.Build.0 = Debug|Any CPU
		{96080C3A-2D85-4DED-80DD-2AAB6B8548C3}.Debug|x64.ActiveCfg = Debug|Any CPU
		{96080C3A-2D85-4DED-80DD-2AAB6B8548C3}.Debug|x64.Build.0 = Debug|Any CPU
		{96080C3A-2D85-4DED-80DD-2AAB6B8548C3}.Debug|x86.ActiveCfg = Debug|Any CPU
		{96080C3A-2D85-4DED-80DD-2AAB6B8548C3}.Debug|x86.Build.0 = Debug|Any CPU
		{96080C3A-2D85-4DED-80DD-2AAB6B8548C3}.Release|Any CPU.ActiveCfg = Release|Any CPU
		{96080C3A-2D85-4DED-80DD-2AAB6B8548C3}.Release|Any CPU.Build.0 = Release|Any CPU
		{96080C3A-2D85-4DED-80DD-2AAB6B8548C3}.Release|x64.ActiveCfg = Release|Any CPU
		{96080C3A-2D85-4DED-80DD-2AAB6B8548C3}.Release|x64.Build.0 = Release|Any CPU
		{96080C3A-2D85-4DED-80DD-2AAB6B8548C3}.Release|x86.ActiveCfg = Release|Any CPU
		{96080C3A-2D85-4DED-80DD-2AAB6B8548C3}.Release|x86.Build.0 = Release|Any CPU
	EndGlobalSection
	GlobalSection(SolutionProperties) = preSolution
		HideSolutionNode = FALSE
	EndGlobalSection
	GlobalSection(NestedProjects) = preSolution
		{9F3B26D3-790A-A0CF-893B-1132805B36B5} = {827E0CD3-B72D-47B6-A68D-7590B98EB39B}
		{646C80E7-1E11-4ACC-BD32-FDF60DD4CE2C} = {9F3B26D3-790A-A0CF-893B-1132805B36B5}
		{752D4139-B92A-4A28-955F-C2FCE6D584B0} = {9F3B26D3-790A-A0CF-893B-1132805B36B5}
		{FE709F08-A4D2-4597-83BC-FDE19C5A056E} = {9F3B26D3-790A-A0CF-893B-1132805B36B5}
		{3C92AAB6-0D61-4666-B760-0B85D18931D5} = {9F3B26D3-790A-A0CF-893B-1132805B36B5}
		{90FBDFFA-917E-CF85-20E8-E33FCD284352} = {827E0CD3-B72D-47B6-A68D-7590B98EB39B}
		{7D3995ED-2E89-4339-A55F-71E72F489118} = {90FBDFFA-917E-CF85-20E8-E33FCD284352}
		{22A4522E-AC5A-4B7A-9C21-5CE5032C79EC} = {90FBDFFA-917E-CF85-20E8-E33FCD284352}
		{F0A2E46F-8379-2FCC-8513-F939E1148374} = {827E0CD3-B72D-47B6-A68D-7590B98EB39B}
		{96080C3A-2D85-4DED-80DD-2AAB6B8548C3} = {F0A2E46F-8379-2FCC-8513-F939E1148374}
	EndGlobalSection
EndGlobal
